
Microsoft Visual Studio Solution File, Format Version 12.00
# Visual Studio Version 16
VisualStudioVersion = 16.0.31624.102
MinimumVisualStudioVersion = 10.0.40219.1
Project("{8BC9CEB8-8B4A-11D0-8D11-00A0C91BC942}") = "task1", "task1\task1.vcxproj", "{0D66A837-035C-485D-BE5D-5A20332866BC}"
EndProject
Project("{8BC9CEB8-8B4A-11D0-8D11-00A0C91BC942}") = "task2", "task2\task2.vcxproj", "{37B7BC22-648E-486F-870D-DE19F2792D27}"
EndProject
Project("{8BC9CEB8-8B4A-11D0-8D11-00A0C91BC942}") = "task3", "task3\task3.vcxproj", "{2CC6EA08-20D9-46D2-94BF-721279BD9EA3}"
EndProject
Project("{8BC9CEB8-8B4A-11D0-8D11-00A0C91BC942}") = "task4", "task4\task4.vcxproj", "{6C281669-14D7-4A08-9A09-E3E7F0817146}"
EndProject
Project("{8BC9CEB8-8B4A-11D0-8D11-00A0C91BC942}") = "task5", "task5\task5.vcxproj", "{E06AFF6B-CA07-4519-B979-6182D4BD73BF}"
EndProject
Project("{8BC9CEB8-8B4A-11D0-8D11-00A0C91BC942}") = "taks6", "taks6\taks6.vcxproj", "{043F69F0-092B-448D-A736-0117AB51756E}"
EndProject
Project("{8BC9CEB8-8B4A-11D0-8D11-00A0C91BC942}") = "task7", "task7\task7.vcxproj", "{0C768FB6-5BB3-4AB5-A420-02986A82216B}"
EndProject
Project("{8BC9CEB8-8B4A-11D0-8D11-00A0C91BC942}") = "task8", "task8\task8.vcxproj", "{75C58139-A8CF-4C5D-AA25-F271C6B0935B}"
EndProject
Project("{8BC9CEB8-8B4A-11D0-8D11-00A0C91BC942}") = "task9", "task9\task9.vcxproj", "{2FABCBD7-33F3-42A2-87DE-41146A465D3A}"
EndProject
Global
	GlobalSection(SolutionConfigurationPlatforms) = preSolution
		Debug|x64 = Debug|x64
		Debug|x86 = Debug|x86
		Release|x64 = Release|x64
		Release|x86 = Release|x86
	EndGlobalSection
	GlobalSection(ProjectConfigurationPlatforms) = postSolution
		{0D66A837-035C-485D-BE5D-5A20332866BC}.Debug|x64.ActiveCfg = Debug|x64
		{0D66A837-035C-485D-BE5D-5A20332866BC}.Debug|x64.Build.0 = Debug|x64
		{0D66A837-035C-485D-BE5D-5A20332866BC}.Debug|x86.ActiveCfg = Debug|Win32
		{0D66A837-035C-485D-BE5D-5A20332866BC}.Debug|x86.Build.0 = Debug|Win32
		{0D66A837-035C-485D-BE5D-5A20332866BC}.Release|x64.ActiveCfg = Release|x64
		{0D66A837-035C-485D-BE5D-5A20332866BC}.Release|x64.Build.0 = Release|x64
		{0D66A837-035C-485D-BE5D-5A20332866BC}.Release|x86.ActiveCfg = Release|Win32
		{0D66A837-035C-485D-BE5D-5A20332866BC}.Release|x86.Build.0 = Release|Win32
		{37B7BC22-648E-486F-870D-DE19F2792D27}.Debug|x64.ActiveCfg = Debug|x64
		{37B7BC22-648E-486F-870D-DE19F2792D27}.Debug|x64.Build.0 = Debug|x64
		{37B7BC22-648E-486F-870D-DE19F2792D27}.Debug|x86.ActiveCfg = Debug|Win32
		{37B7BC22-648E-486F-870D-DE19F2792D27}.Debug|x86.Build.0 = Debug|Win32
		{37B7BC22-648E-486F-870D-DE19F2792D27}.Release|x64.ActiveCfg = Release|x64
		{37B7BC22-648E-486F-870D-DE19F2792D27}.Release|x64.Build.0 = Release|x64
		{37B7BC22-648E-486F-870D-DE19F2792D27}.Release|x86.ActiveCfg = Release|Win32
		{37B7BC22-648E-486F-870D-DE19F2792D27}.Release|x86.Build.0 = Release|Win32
		{2CC6EA08-20D9-46D2-94BF-721279BD9EA3}.Debug|x64.ActiveCfg = Debug|x64
		{2CC6EA08-20D9-46D2-94BF-721279BD9EA3}.Debug|x64.Build.0 = Debug|x64
		{2CC6EA08-20D9-46D2-94BF-721279BD9EA3}.Debug|x86.ActiveCfg = Debug|Win32
		{2CC6EA08-20D9-46D2-94BF-721279BD9EA3}.Debug|x86.Build.0 = Debug|Win32
		{2CC6EA08-20D9-46D2-94BF-721279BD9EA3}.Release|x64.ActiveCfg = Release|x64
		{2CC6EA08-20D9-46D2-94BF-721279BD9EA3}.Release|x64.Build.0 = Release|x64
		{2CC6EA08-20D9-46D2-94BF-721279BD9EA3}.Release|x86.ActiveCfg = Release|Win32
		{2CC6EA08-20D9-46D2-94BF-721279BD9EA3}.Release|x86.Build.0 = Release|Win32
		{6C281669-14D7-4A08-9A09-E3E7F0817146}.Debug|x64.ActiveCfg = Debug|x64
		{6C281669-14D7-4A08-9A09-E3E7F0817146}.Debug|x64.Build.0 = Debug|x64
		{6C281669-14D7-4A08-9A09-E3E7F0817146}.Debug|x86.ActiveCfg = Debug|Win32
		{6C281669-14D7-4A08-9A09-E3E7F0817146}.Debug|x86.Build.0 = Debug|Win32
		{6C281669-14D7-4A08-9A09-E3E7F0817146}.Release|x64.ActiveCfg = Release|x64
		{6C281669-14D7-4A08-9A09-E3E7F0817146}.Release|x64.Build.0 = Release|x64
		{6C281669-14D7-4A08-9A09-E3E7F0817146}.Release|x86.ActiveCfg = Release|Win32
		{6C281669-14D7-4A08-9A09-E3E7F0817146}.Release|x86.Build.0 = Release|Win32
		{E06AFF6B-CA07-4519-B979-6182D4BD73BF}.Debug|x64.ActiveCfg = Debug|x64
		{E06AFF6B-CA07-4519-B979-6182D4BD73BF}.Debug|x64.Build.0 = Debug|x64
		{E06AFF6B-CA07-4519-B979-6182D4BD73BF}.Debug|x86.ActiveCfg = Debug|Win32
		{E06AFF6B-CA07-4519-B979-6182D4BD73BF}.Debug|x86.Build.0 = Debug|Win32
		{E06AFF6B-CA07-4519-B979-6182D4BD73BF}.Release|x64.ActiveCfg = Release|x64
		{E06AFF6B-CA07-4519-B979-6182D4BD73BF}.Release|x64.Build.0 = Release|x64
		{E06AFF6B-CA07-4519-B979-6182D4BD73BF}.Release|x86.ActiveCfg = Release|Win32
		{E06AFF6B-CA07-4519-B979-6182D4BD73BF}.Release|x86.Build.0 = Release|Win32
		{043F69F0-092B-448D-A736-0117AB51756E}.Debug|x64.ActiveCfg = Debug|x64
		{043F69F0-092B-448D-A736-0117AB51756E}.Debug|x64.Build.0 = Debug|x64
		{043F69F0-092B-448D-A736-0117AB51756E}.Debug|x86.ActiveCfg = Debug|Win32
		{043F69F0-092B-448D-A736-0117AB51756E}.Debug|x86.Build.0 = Debug|Win32
		{043F69F0-092B-448D-A736-0117AB51756E}.Release|x64.ActiveCfg = Release|x64
		{043F69F0-092B-448D-A736-0117AB51756E}.Release|x64.Build.0 = Release|x64
		{043F69F0-092B-448D-A736-0117AB51756E}.Release|x86.ActiveCfg = Release|Win32
		{043F69F0-092B-448D-A736-0117AB51756E}.Release|x86.Build.0 = Release|Win32
		{0C768FB6-5BB3-4AB5-A420-02986A82216B}.Debug|x64.ActiveCfg = Debug|x64
		{0C768FB6-5BB3-4AB5-A420-02986A82216B}.Debug|x64.Build.0 = Debug|x64
		{0C768FB6-5BB3-4AB5-A420-02986A82216B}.Debug|x86.ActiveCfg = Debug|Win32
		{0C768FB6-5BB3-4AB5-A420-02986A82216B}.Debug|x86.Build.0 = Debug|Win32
		{0C768FB6-5BB3-4AB5-A420-02986A82216B}.Release|x64.ActiveCfg = Release|x64
		{0C768FB6-5BB3-4AB5-A420-02986A82216B}.Release|x64.Build.0 = Release|x64
		{0C768FB6-5BB3-4AB5-A420-02986A82216B}.Release|x86.ActiveCfg = Release|Win32
		{0C768FB6-5BB3-4AB5-A420-02986A82216B}.Release|x86.Build.0 = Release|Win32
		{75C58139-A8CF-4C5D-AA25-F271C6B0935B}.Debug|x64.ActiveCfg = Debug|x64
		{75C58139-A8CF-4C5D-AA25-F271C6B0935B}.Debug|x64.Build.0 = Debug|x64
		{75C58139-A8CF-4C5D-AA25-F271C6B0935B}.Debug|x86.ActiveCfg = Debug|Win32
		{75C58139-A8CF-4C5D-AA25-F271C6B0935B}.Debug|x86.Build.0 = Debug|Win32
		{75C58139-A8CF-4C5D-AA25-F271C6B0935B}.Release|x64.ActiveCfg = Release|x64
		{75C58139-A8CF-4C5D-AA25-F271C6B0935B}.Release|x64.Build.0 = Release|x64
		{75C58139-A8CF-4C5D-AA25-F271C6B0935B}.Release|x86.ActiveCfg = Release|Win32
		{75C58139-A8CF-4C5D-AA25-F271C6B0935B}.Release|x86.Build.0 = Release|Win32
		{2FABCBD7-33F3-42A2-87DE-41146A465D3A}.Debug|x64.ActiveCfg = Debug|x64
		{2FABCBD7-33F3-42A2-87DE-41146A465D3A}.Debug|x64.Build.0 = Debug|x64
		{2FABCBD7-33F3-42A2-87DE-41146A465D3A}.Debug|x86.ActiveCfg = Debug|Win32
		{2FABCBD7-33F3-42A2-87DE-41146A465D3A}.Debug|x86.Build.0 = Debug|Win32
		{2FABCBD7-33F3-42A2-87DE-41146A465D3A}.Release|x64.ActiveCfg = Release|x64
		{2FABCBD7-33F3-42A2-87DE-41146A465D3A}.Release|x64.Build.0 = Release|x64
		{2FABCBD7-33F3-42A2-87DE-41146A465D3A}.Release|x86.ActiveCfg = Release|Win32
		{2FABCBD7-33F3-42A2-87DE-41146A465D3A}.Release|x86.Build.0 = Release|Win32
	EndGlobalSection
	GlobalSection(SolutionProperties) = preSolution
		HideSolutionNode = FALSE
	EndGlobalSection
	GlobalSection(ExtensibilityGlobals) = postSolution
		SolutionGuid = {903B518D-6A67-41CC-9F6E-B185A2C317D5}
	EndGlobalSection
EndGlobal
