
Microsoft Visual Studio Solution File, Format Version 12.00
# Visual Studio Version 16
VisualStudioVersion = 16.0.31624.102
MinimumVisualStudioVersion = 10.0.40219.1
Project("{8BC9CEB8-8B4A-11D0-8D11-00A0C91BC942}") = "task1", "task1\task1.vcxproj", "{D27B4846-4DF3-4C8C-9495-4D80C610A979}"
EndProject
Project("{8BC9CEB8-8B4A-11D0-8D11-00A0C91BC942}") = "task2", "task2\task2.vcxproj", "{B4ED7C75-7556-4B61-84BF-88629AD7B2BD}"
EndProject
Project("{8BC9CEB8-8B4A-11D0-8D11-00A0C91BC942}") = "task3", "task3\task3.vcxproj", "{1B5D3174-D89E-4F80-93EB-510E1101477A}"
EndProject
Project("{8BC9CEB8-8B4A-11D0-8D11-00A0C91BC942}") = "task4", "task4\task4.vcxproj", "{128BFBF7-9575-46A2-914E-214593AA47FC}"
EndProject
Project("{8BC9CEB8-8B4A-11D0-8D11-00A0C91BC942}") = "task5", "task5\task5.vcxproj", "{47B7DD26-BD3A-4032-8189-722370CF52B0}"
EndProject
Project("{8BC9CEB8-8B4A-11D0-8D11-00A0C91BC942}") = "task6", "task6\task6.vcxproj", "{B692A25C-1F5E-45EF-BC23-2D90379B407C}"
EndProject
Project("{8BC9CEB8-8B4A-11D0-8D11-00A0C91BC942}") = "task7", "task7\task7.vcxproj", "{8DFBAA3F-4EC5-4A83-BF81-3C04960514E8}"
EndProject
Project("{8BC9CEB8-8B4A-11D0-8D11-00A0C91BC942}") = "task8", "task8\task8.vcxproj", "{51294B42-CB89-4EE9-88C5-F1FE84E23574}"
EndProject
Project("{8BC9CEB8-8B4A-11D0-8D11-00A0C91BC942}") = "task9", "task9\task9.vcxproj", "{7FECB6E8-71F0-4328-9739-42016D6A6890}"
EndProject
Project("{8BC9CEB8-8B4A-11D0-8D11-00A0C91BC942}") = "task10", "task10\task10.vcxproj", "{9638B534-7B4B-426C-A9A0-351F17803C1F}"
EndProject
Global
	GlobalSection(SolutionConfigurationPlatforms) = preSolution
		Debug|x64 = Debug|x64
		Debug|x86 = Debug|x86
		Release|x64 = Release|x64
		Release|x86 = Release|x86
	EndGlobalSection
	GlobalSection(ProjectConfigurationPlatforms) = postSolution
		{D27B4846-4DF3-4C8C-9495-4D80C610A979}.Debug|x64.ActiveCfg = Debug|x64
		{D27B4846-4DF3-4C8C-9495-4D80C610A979}.Debug|x64.Build.0 = Debug|x64
		{D27B4846-4DF3-4C8C-9495-4D80C610A979}.Debug|x86.ActiveCfg = Debug|Win32
		{D27B4846-4DF3-4C8C-9495-4D80C610A979}.Debug|x86.Build.0 = Debug|Win32
		{D27B4846-4DF3-4C8C-9495-4D80C610A979}.Release|x64.ActiveCfg = Release|x64
		{D27B4846-4DF3-4C8C-9495-4D80C610A979}.Release|x64.Build.0 = Release|x64
		{D27B4846-4DF3-4C8C-9495-4D80C610A979}.Release|x86.ActiveCfg = Release|Win32
		{D27B4846-4DF3-4C8C-9495-4D80C610A979}.Release|x86.Build.0 = Release|Win32
		{B4ED7C75-7556-4B61-84BF-88629AD7B2BD}.Debug|x64.ActiveCfg = Debug|x64
		{B4ED7C75-7556-4B61-84BF-88629AD7B2BD}.Debug|x64.Build.0 = Debug|x64
		{B4ED7C75-7556-4B61-84BF-88629AD7B2BD}.Debug|x86.ActiveCfg = Debug|Win32
		{B4ED7C75-7556-4B61-84BF-88629AD7B2BD}.Debug|x86.Build.0 = Debug|Win32
		{B4ED7C75-7556-4B61-84BF-88629AD7B2BD}.Release|x64.ActiveCfg = Release|x64
		{B4ED7C75-7556-4B61-84BF-88629AD7B2BD}.Release|x64.Build.0 = Release|x64
		{B4ED7C75-7556-4B61-84BF-88629AD7B2BD}.Release|x86.ActiveCfg = Release|Win32
		{B4ED7C75-7556-4B61-84BF-88629AD7B2BD}.Release|x86.Build.0 = Release|Win32
		{1B5D3174-D89E-4F80-93EB-510E1101477A}.Debug|x64.ActiveCfg = Debug|x64
		{1B5D3174-D89E-4F80-93EB-510E1101477A}.Debug|x64.Build.0 = Debug|x64
		{1B5D3174-D89E-4F80-93EB-510E1101477A}.Debug|x86.ActiveCfg = Debug|Win32
		{1B5D3174-D89E-4F80-93EB-510E1101477A}.Debug|x86.Build.0 = Debug|Win32
		{1B5D3174-D89E-4F80-93EB-510E1101477A}.Release|x64.ActiveCfg = Release|x64
		{1B5D3174-D89E-4F80-93EB-510E1101477A}.Release|x64.Build.0 = Release|x64
		{1B5D3174-D89E-4F80-93EB-510E1101477A}.Release|x86.ActiveCfg = Release|Win32
		{1B5D3174-D89E-4F80-93EB-510E1101477A}.Release|x86.Build.0 = Release|Win32
		{128BFBF7-9575-46A2-914E-214593AA47FC}.Debug|x64.ActiveCfg = Debug|x64
		{128BFBF7-9575-46A2-914E-214593AA47FC}.Debug|x64.Build.0 = Debug|x64
		{128BFBF7-9575-46A2-914E-214593AA47FC}.Debug|x86.ActiveCfg = Debug|Win32
		{128BFBF7-9575-46A2-914E-214593AA47FC}.Debug|x86.Build.0 = Debug|Win32
		{128BFBF7-9575-46A2-914E-214593AA47FC}.Release|x64.ActiveCfg = Release|x64
		{128BFBF7-9575-46A2-914E-214593AA47FC}.Release|x64.Build.0 = Release|x64
		{128BFBF7-9575-46A2-914E-214593AA47FC}.Release|x86.ActiveCfg = Release|Win32
		{128BFBF7-9575-46A2-914E-214593AA47FC}.Release|x86.Build.0 = Release|Win32
		{47B7DD26-BD3A-4032-8189-722370CF52B0}.Debug|x64.ActiveCfg = Debug|x64
		{47B7DD26-BD3A-4032-8189-722370CF52B0}.Debug|x64.Build.0 = Debug|x64
		{47B7DD26-BD3A-4032-8189-722370CF52B0}.Debug|x86.ActiveCfg = Debug|Win32
		{47B7DD26-BD3A-4032-8189-722370CF52B0}.Debug|x86.Build.0 = Debug|Win32
		{47B7DD26-BD3A-4032-8189-722370CF52B0}.Release|x64.ActiveCfg = Release|x64
		{47B7DD26-BD3A-4032-8189-722370CF52B0}.Release|x64.Build.0 = Release|x64
		{47B7DD26-BD3A-4032-8189-722370CF52B0}.Release|x86.ActiveCfg = Release|Win32
		{47B7DD26-BD3A-4032-8189-722370CF52B0}.Release|x86.Build.0 = Release|Win32
		{B692A25C-1F5E-45EF-BC23-2D90379B407C}.Debug|x64.ActiveCfg = Debug|x64
		{B692A25C-1F5E-45EF-BC23-2D90379B407C}.Debug|x64.Build.0 = Debug|x64
		{B692A25C-1F5E-45EF-BC23-2D90379B407C}.Debug|x86.ActiveCfg = Debug|Win32
		{B692A25C-1F5E-45EF-BC23-2D90379B407C}.Debug|x86.Build.0 = Debug|Win32
		{B692A25C-1F5E-45EF-BC23-2D90379B407C}.Release|x64.ActiveCfg = Release|x64
		{B692A25C-1F5E-45EF-BC23-2D90379B407C}.Release|x64.Build.0 = Release|x64
		{B692A25C-1F5E-45EF-BC23-2D90379B407C}.Release|x86.ActiveCfg = Release|Win32
		{B692A25C-1F5E-45EF-BC23-2D90379B407C}.Release|x86.Build.0 = Release|Win32
		{8DFBAA3F-4EC5-4A83-BF81-3C04960514E8}.Debug|x64.ActiveCfg = Debug|x64
		{8DFBAA3F-4EC5-4A83-BF81-3C04960514E8}.Debug|x64.Build.0 = Debug|x64
		{8DFBAA3F-4EC5-4A83-BF81-3C04960514E8}.Debug|x86.ActiveCfg = Debug|Win32
		{8DFBAA3F-4EC5-4A83-BF81-3C04960514E8}.Debug|x86.Build.0 = Debug|Win32
		{8DFBAA3F-4EC5-4A83-BF81-3C04960514E8}.Release|x64.ActiveCfg = Release|x64
		{8DFBAA3F-4EC5-4A83-BF81-3C04960514E8}.Release|x64.Build.0 = Release|x64
		{8DFBAA3F-4EC5-4A83-BF81-3C04960514E8}.Release|x86.ActiveCfg = Release|Win32
		{8DFBAA3F-4EC5-4A83-BF81-3C04960514E8}.Release|x86.Build.0 = Release|Win32
		{51294B42-CB89-4EE9-88C5-F1FE84E23574}.Debug|x64.ActiveCfg = Debug|x64
		{51294B42-CB89-4EE9-88C5-F1FE84E23574}.Debug|x64.Build.0 = Debug|x64
		{51294B42-CB89-4EE9-88C5-F1FE84E23574}.Debug|x86.ActiveCfg = Debug|Win32
		{51294B42-CB89-4EE9-88C5-F1FE84E23574}.Debug|x86.Build.0 = Debug|Win32
		{51294B42-CB89-4EE9-88C5-F1FE84E23574}.Release|x64.ActiveCfg = Release|x64
		{51294B42-CB89-4EE9-88C5-F1FE84E23574}.Release|x64.Build.0 = Release|x64
		{51294B42-CB89-4EE9-88C5-F1FE84E23574}.Release|x86.ActiveCfg = Release|Win32
		{51294B42-CB89-4EE9-88C5-F1FE84E23574}.Release|x86.Build.0 = Release|Win32
		{7FECB6E8-71F0-4328-9739-42016D6A6890}.Debug|x64.ActiveCfg = Debug|x64
		{7FECB6E8-71F0-4328-9739-42016D6A6890}.Debug|x64.Build.0 = Debug|x64
		{7FECB6E8-71F0-4328-9739-42016D6A6890}.Debug|x86.ActiveCfg = Debug|Win32
		{7FECB6E8-71F0-4328-9739-42016D6A6890}.Debug|x86.Build.0 = Debug|Win32
		{7FECB6E8-71F0-4328-9739-42016D6A6890}.Release|x64.ActiveCfg = Release|x64
		{7FECB6E8-71F0-4328-9739-42016D6A6890}.Release|x64.Build.0 = Release|x64
		{7FECB6E8-71F0-4328-9739-42016D6A6890}.Release|x86.ActiveCfg = Release|Win32
		{7FECB6E8-71F0-4328-9739-42016D6A6890}.Release|x86.Build.0 = Release|Win32
		{9638B534-7B4B-426C-A9A0-351F17803C1F}.Debug|x64.ActiveCfg = Debug|x64
		{9638B534-7B4B-426C-A9A0-351F17803C1F}.Debug|x64.Build.0 = Debug|x64
		{9638B534-7B4B-426C-A9A0-351F17803C1F}.Debug|x86.ActiveCfg = Debug|Win32
		{9638B534-7B4B-426C-A9A0-351F17803C1F}.Debug|x86.Build.0 = Debug|Win32
		{9638B534-7B4B-426C-A9A0-351F17803C1F}.Release|x64.ActiveCfg = Release|x64
		{9638B534-7B4B-426C-A9A0-351F17803C1F}.Release|x64.Build.0 = Release|x64
		{9638B534-7B4B-426C-A9A0-351F17803C1F}.Release|x86.ActiveCfg = Release|Win32
		{9638B534-7B4B-426C-A9A0-351F17803C1F}.Release|x86.Build.0 = Release|Win32
	EndGlobalSection
	GlobalSection(SolutionProperties) = preSolution
		HideSolutionNode = FALSE
	EndGlobalSection
	GlobalSection(ExtensibilityGlobals) = postSolution
		SolutionGuid = {D7BD6D6F-5886-4BA1-B5B2-EF621FA9D397}
	EndGlobalSection
EndGlobal
